
Microsoft Visual Studio Solution File, Format Version 12.00
# Visual Studio Version 17
VisualStudioVersion = 17.6.33829.357
MinimumVisualStudioVersion = 10.0.40219.1
Project("{FAE04EC0-301F-11D3-BF4B-00C04F79EFBC}") = "CursoIntroSignalRYoutube", "CursoIntroSignalRYoutube\CursoIntroSignalRYoutube.csproj", "{D20D91AB-C31C-4A8A-9280-8A061DD70D02}"
EndProject
Global
	GlobalSection(SolutionConfigurationPlatforms) = preSolution
		Debug|Any CPU = Debug|Any CPU
		Release|Any CPU = Release|Any CPU
	EndGlobalSection
	GlobalSection(ProjectConfigurationPlatforms) = postSolution
		{D20D91AB-C31C-4A8A-9280-8A061DD70D02}.Debug|Any CPU.ActiveCfg = Debug|Any CPU
		{D20D91AB-C31C-4A8A-9280-8A061DD70D02}.Debug|Any CPU.Build.0 = Debug|Any CPU
		{D20D91AB-C31C-4A8A-9280-8A061DD70D02}.Release|Any CPU.ActiveCfg = Release|Any CPU
		{D20D91AB-C31C-4A8A-9280-8A061DD70D02}.Release|Any CPU.Build.0 = Release|Any CPU
	EndGlobalSection
	GlobalSection(SolutionProperties) = preSolution
		HideSolutionNode = FALSE
	EndGlobalSection
	GlobalSection(ExtensibilityGlobals) = postSolution
		SolutionGuid = {5B95C10F-4A02-489D-8331-CDF4794CF82B}
	EndGlobalSection
EndGlobal
